
Microsoft Visual Studio Solution File, Format Version 12.00
# Visual Studio Version 17
VisualStudioVersion = 17.1.32228.430
MinimumVisualStudioVersion = 10.0.40219.1
Project("{FAE04EC0-301F-11D3-BF4B-00C04F79EFBC}") = "ChapterFST2", "ChapterFST2\ChapterFST2.csproj", "{B8FA21F2-75B7-4722-A7D2-70A5BB3E3782}"
EndProject
Global
	GlobalSection(SolutionConfigurationPlatforms) = preSolution
		Debug|Any CPU = Debug|Any CPU
		Release|Any CPU = Release|Any CPU
	EndGlobalSection
	GlobalSection(ProjectConfigurationPlatforms) = postSolution
		{B8FA21F2-75B7-4722-A7D2-70A5BB3E3782}.Debug|Any CPU.ActiveCfg = Debug|Any CPU
		{B8FA21F2-75B7-4722-A7D2-70A5BB3E3782}.Debug|Any CPU.Build.0 = Debug|Any CPU
		{B8FA21F2-75B7-4722-A7D2-70A5BB3E3782}.Release|Any CPU.ActiveCfg = Release|Any CPU
		{B8FA21F2-75B7-4722-A7D2-70A5BB3E3782}.Release|Any CPU.Build.0 = Release|Any CPU
	EndGlobalSection
	GlobalSection(SolutionProperties) = preSolution
		HideSolutionNode = FALSE
	EndGlobalSection
	GlobalSection(ExtensibilityGlobals) = postSolution
		SolutionGuid = {9311989B-C9DE-4676-B57D-4A6FE3661E33}
	EndGlobalSection
EndGlobal
